github.com/15125505/zlog v0.0.0-20170717104426-98bfa8f1ca3f h1:M2W+ikIzMShyNsQIYTvsoM8D7RQARp9wGcNDH9VD6C0=
github.com/15125505/zlog v0.0.0-20170717104426-98bfa8f1ca3f/go.mod h1:jXM+om/YH0ke119HPMcEaqCGzI+fDS8SlsWNjwKZmUE=
github.com/google/uuid v1.3.0 h1:t6JiXgmwXMjEs8VusXIJk2BXHsn+wx8BZdTaoZ5fu7I=
github.com/google/uuid v1.3.0/go.mod h1:TIyPZe4MgqvfeYDBFedMoGGpEw/LqOeaOT+nhxU+yHo=
github.com/hulasika-fo/tools v0.0.0-20211108071921-2c7939eef4c4 h1:DT6hHVfjE6hkIrCQkUPe2+QzA8kFRofLNCFf/8ydHzY=
github.com/hulasika-fo/tools v0.0.0-20211108071921-2c7939eef4c4/go.mod h1:gIGNEuqCpMB4BAMRNdMGjdQ3BaYZob5L46q5yPBkyf8=
